{
  "requires": true,
  "lockfileVersion": 1,
  "dependencies": {
    "http-vue-loader": {
      "version": "1.3.5",
      "resolved": "https://registry.npmjs.org/http-vue-loader/-/http-vue-loader-1.3.5.tgz",
      "integrity": "sha512-GXFEh168zPwINTlyONvl1s3OWkBwk50/AUWNZrQ6/KRnReb9VSxAtpHHwF74akKQQPSsAMaldyZ48ZbTQA0L/g=="
    },
    "vue": {
      "version": "2.5.21",
      "resolved": "https://registry.npmjs.org/vue/-/vue-2.5.21.tgz",
      "integrity": "sha512-Aejvyyfhn0zjVeLvXd70h4hrE4zZDx1wfZqia6ekkobLmUZ+vNFQer53B4fu0EjWBSiqApxPejzkO1Znt3joxQ=="
    },
    "vue-simple-flowchart": {
      "version": "0.1.8",
      "resolved": "https://registry.npmjs.org/vue-simple-flowchart/-/vue-simple-flowchart-0.1.8.tgz",
      "integrity": "sha512-fFsQeW/SAMKMW3UqvVcrxHw/AryRt/vX+F2ftUFGaem+iHmgYvk2OKxvFJdlMYz5XKr20FhZRvmGTHxLMVbHfw==",
      "requires": {
        "vue": "^2.5.17"
      }
    }
  }
}
